
Microsoft Visual Studio Solution File, Format Version 12.00
# Visual Studio Version 16
VisualStudioVersion = 16.0.31129.286
MinimumVisualStudioVersion = 10.0.40219.1
Project("{FAE04EC0-301F-11D3-BF4B-00C04F79EFBC}") = "EsercizioFigureGeometriche2", "EsercizioFigureGeometriche2\EsercizioFigureGeometriche2.csproj", "{485E09CB-7F55-415D-B85B-4A7E81364813}"
EndProject
Global
	GlobalSection(SolutionConfigurationPlatforms) = preSolution
		Debug|Any CPU = Debug|Any CPU
		Release|Any CPU = Release|Any CPU
	EndGlobalSection
	GlobalSection(ProjectConfigurationPlatforms) = postSolution
		{485E09CB-7F55-415D-B85B-4A7E81364813}.Debug|Any CPU.ActiveCfg = Debug|Any CPU
		{485E09CB-7F55-415D-B85B-4A7E81364813}.Debug|Any CPU.Build.0 = Debug|Any CPU
		{485E09CB-7F55-415D-B85B-4A7E81364813}.Release|Any CPU.ActiveCfg = Release|Any CPU
		{485E09CB-7F55-415D-B85B-4A7E81364813}.Release|Any CPU.Build.0 = Release|Any CPU
	EndGlobalSection
	GlobalSection(SolutionProperties) = preSolution
		HideSolutionNode = FALSE
	EndGlobalSection
	GlobalSection(ExtensibilityGlobals) = postSolution
		SolutionGuid = {BDA3E6BB-D5F5-4E4E-AEB3-4CD395D408FE}
	EndGlobalSection
EndGlobal
